PODS:
  - HexColors (2.3.0)
  - LBBlurredImage (0.2.2)
  - Mantle (2.0.2):
    - Mantle/extobjc (= 2.0.2)
  - Mantle/extobjc (2.0.2)
  - ReactiveCocoa (2.5):
    - ReactiveCocoa/UI (= 2.5)
  - ReactiveCocoa/Core (2.5):
    - ReactiveCocoa/no-arc
  - ReactiveCocoa/no-arc (2.5)
  - ReactiveCocoa/UI (2.5):
    - ReactiveCocoa/Core
  - TSMessages (0.9.12):
    - HexColors

DEPENDENCIES:
  - LBBlurredImage
  - Mantle
  - ReactiveCocoa
  - TSMessages

SPEC CHECKSUMS:
  HexColors: 6ad3947c3447a055a3aa8efa859def096351fe5f
  LBBlurredImage: 700634c17922bc2d22343118e7deb6a3ca12db43
  Mantle: 967fd31ea0220890b2e76589198996b534bb3fb1
  ReactiveCocoa: e2db045570aa97c695e7aa97c2bcab222ae51f4a
  TSMessages: 2a52642128d7ab15b46930c810b9c9403a2b58f3

COCOAPODS: 0.37.2
